
Microsoft Visual Studio Solution File, Format Version 12.00
# Visual Studio 14
VisualStudioVersion = 14.0.25420.1
MinimumVisualStudioVersion = 10.0.40219.1
Project("{54435603-DBB4-11D2-8724-00A0C9A8B90C}") = "TextEmend Installer", "TextEmend Installer\TextEmend Installer.vdproj", "{54AE40AD-889C-4CFD-A7EA-5A23C3EF9F0A}"
EndProject
Global
	GlobalSection(SolutionConfigurationPlatforms) = preSolution
		Debug|Default = Debug|Default
		Release|Default = Release|Default
	EndGlobalSection
	GlobalSection(ProjectConfigurationPlatforms) = postSolution
		{54AE40AD-889C-4CFD-A7EA-5A23C3EF9F0A}.Debug|Default.ActiveCfg = Debug
		{54AE40AD-889C-4CFD-A7EA-5A23C3EF9F0A}.Debug|Default.Build.0 = Debug
		{54AE40AD-889C-4CFD-A7EA-5A23C3EF9F0A}.Release|Default.ActiveCfg = Release
		{54AE40AD-889C-4CFD-A7EA-5A23C3EF9F0A}.Release|Default.Build.0 = Release
	EndGlobalSection
	GlobalSection(SolutionProperties) = preSolution
		HideSolutionNode = FALSE
	EndGlobalSection
EndGlobal
